
Microsoft Visual Studio Solution File, Format Version 12.00
# Visual Studio Version 17
VisualStudioVersion = 17.6.33815.320
MinimumVisualStudioVersion = 10.0.40219.1
Project("{FAE04EC0-301F-11D3-BF4B-00C04F79EFBC}") = "TallerCamilaCote", "TallerCamilaCote.csproj", "{CFC1F8AC-07D0-4DF3-B3C9-BEAE00562F1E}"
EndProject
Global
	GlobalSection(SolutionConfigurationPlatforms) = preSolution
		Debug|Any CPU = Debug|Any CPU
		Release|Any CPU = Release|Any CPU
	EndGlobalSection
	GlobalSection(ProjectConfigurationPlatforms) = postSolution
		{CFC1F8AC-07D0-4DF3-B3C9-BEAE00562F1E}.Debug|Any CPU.ActiveCfg = Debug|Any CPU
		{CFC1F8AC-07D0-4DF3-B3C9-BEAE00562F1E}.Debug|Any CPU.Build.0 = Debug|Any CPU
		{CFC1F8AC-07D0-4DF3-B3C9-BEAE00562F1E}.Release|Any CPU.ActiveCfg = Release|Any CPU
		{CFC1F8AC-07D0-4DF3-B3C9-BEAE00562F1E}.Release|Any CPU.Build.0 = Release|Any CPU
	EndGlobalSection
	GlobalSection(SolutionProperties) = preSolution
		HideSolutionNode = FALSE
	EndGlobalSection
	GlobalSection(ExtensibilityGlobals) = postSolution
		SolutionGuid = {74692BE0-0D22-4CE3-91D0-FAC949D4D5F8}
	EndGlobalSection
EndGlobal
